
Microsoft Visual Studio Solution File, Format Version 12.00
# Visual Studio 2012
Project("{FAE04EC0-301F-11D3-BF4B-00C04F79EFBC}") = "lesson4", "lesson4\lesson4.csproj", "{9E4E0DD7-F3CE-44A2-9821-8EDB98C85955}"
EndProject
Project("{FAE04EC0-301F-11D3-BF4B-00C04F79EFBC}") = "Tests", "Tests\Tests.csproj", "{374DC59A-B3D3-45D9-BEF3-8B241B9CAD9A}"
EndProject
Global
	GlobalSection(SolutionConfigurationPlatforms) = preSolution
		Debug|Any CPU = Debug|Any CPU
		Release|Any CPU = Release|Any CPU
	EndGlobalSection
	GlobalSection(ProjectConfigurationPlatforms) = postSolution
		{374DC59A-B3D3-45D9-BEF3-8B241B9CAD9A}.Debug|Any CPU.ActiveCfg = Debug|Any CPU
		{374DC59A-B3D3-45D9-BEF3-8B241B9CAD9A}.Debug|Any CPU.Build.0 = Debug|Any CPU
		{374DC59A-B3D3-45D9-BEF3-8B241B9CAD9A}.Release|Any CPU.ActiveCfg = Release|Any CPU
		{374DC59A-B3D3-45D9-BEF3-8B241B9CAD9A}.Release|Any CPU.Build.0 = Release|Any CPU
		{9E4E0DD7-F3CE-44A2-9821-8EDB98C85955}.Debug|Any CPU.ActiveCfg = Debug|Any CPU
		{9E4E0DD7-F3CE-44A2-9821-8EDB98C85955}.Debug|Any CPU.Build.0 = Debug|Any CPU
		{9E4E0DD7-F3CE-44A2-9821-8EDB98C85955}.Release|Any CPU.ActiveCfg = Release|Any CPU
		{9E4E0DD7-F3CE-44A2-9821-8EDB98C85955}.Release|Any CPU.Build.0 = Release|Any CPU
	EndGlobalSection
EndGlobal
